{
  "lockfileVersion": 1,
  "configVersion": 1,
  "workspaces": {
    "": {
      "name": "inrepo",
      "dependencies": {
        "safe-regex": "^2.1.1",
      },
      "devDependencies": {
        "@types/node": "^22.19.17",
        "rolldown": "^1.0.0-rc.17",
        "typescript": "^6.0.3",
      },
    },
  },
  "packages": {
    "@emnapi/core": ["@emnapi/core@1.10.0", "", { "dependencies": { "@emnapi/wasi-threads": "1.2.1", "tslib": "^2.4.0" } }, "sha512-yq6OkJ4p82CAfPl0u9mQebQHKPJkY7WrIuk205cTYnYe+k2Z8YBh11FrbRG/H6ihirqcacOgl2BIO8oyMQLeXw=="],

    "@emnapi/runtime": ["@emnapi/runtime@1.10.0", "", { "dependencies": { "tslib": "^2.4.0" } }, "sha512-ewvYlk86xUoGI0zQRNq/mC+16R1QeDlKQy21Ki3oSYXNgLb45GV1P6A0M+/s6nyCuNDqe5VpaY84BzXGwVbwFA=="],

    "@emnapi/wasi-threads": ["@emnapi/wasi-threads@1.2.1", "", { "dependencies": { "tslib": "^2.4.0" } }, "sha512-uTII7OYF+/Mes/MrcIOYp5yOtSMLBWSIoLPpcgwipoiKbli6k322tcoFsxoIIxPDqW01SQGAgko4EzZi2BNv2w=="],

    "@napi-rs/wasm-runtime": ["@napi-rs/wasm-runtime@1.1.4", "", { "dependencies": { "@tybys/wasm-util": "^0.10.1" }, "peerDependencies": { "@emnapi/core": "^1.7.1", "@emnapi/runtime": "^1.7.1" } }, "sha512-3NQNNgA1YSlJb/kMH1ildASP9HW7/7kYnRI2szWJaofaS1hWmbGI4H+d3+22aGzXXN9IJ+n+GiFVcGipJP18ow=="],

    "@oxc-project/types": ["@oxc-project/types@0.127.0", "", {}, "sha512-aIYXQBo4lCbO4z0R3FHeucQHpF46l2LbMdxRvqvuRuW2OxdnSkcng5B8+K12spgLDj93rtN3+J2Vac/TIO+ciQ=="],

    "@rolldown/binding-android-arm64": ["@rolldown/binding-android-arm64@1.0.0-rc.17", "", { "os": "android", "cpu": "arm64" }, "sha512-s70pVGhw4zqGeFnXWvAzJDlvxhlRollagdCCKRgOsgUOH3N1l0LIxf83AtGzmb5SiVM4Hjl5HyarMRfdfj3DaQ=="],

    "@rolldown/binding-darwin-arm64": ["@rolldown/binding-darwin-arm64@1.0.0-rc.17", "", { "os": "darwin", "cpu": "arm64" }, "sha512-4ksWc9n0mhlZpZ9PMZgTGjeOPRu8MB1Z3Tz0Mo02eWfWCHMW1zN82Qz/pL/rC+yQa+8ZnutMF0JjJe7PjwasYw=="],

    "@rolldown/binding-darwin-x64": ["@rolldown/binding-darwin-x64@1.0.0-rc.17", "", { "os": "darwin", "cpu": "x64" }, "sha512-SUSDOI6WwUVNcWxd02QEBjLdY1VPHvlEkw6T/8nYG322iYWCTxRb1vzk4E+mWWYehTp7ERibq54LSJGjmouOsw=="],

    "@rolldown/binding-freebsd-x64": ["@rolldown/binding-freebsd-x64@1.0.0-rc.17", "", { "os": "freebsd", "cpu": "x64" }, "sha512-hwnz3nw9dbJ05EDO/PvcjaaewqqDy7Y1rn1UO81l8iIK1GjenME75dl16ajbvSSMfv66WXSRCYKIqfgq2KCfxw=="],

    "@rolldown/binding-linux-arm-gnueabihf": ["@rolldown/binding-linux-arm-gnueabihf@1.0.0-rc.17", "", { "os": "linux", "cpu": "arm" }, "sha512-IS+W7epTcwANmFSQFrS1SivEXHtl1JtuQA9wlxrZTcNi6mx+FDOYrakGevvvTwgj2JvWiK8B29/qD9BELZPyXQ=="],

    "@rolldown/binding-linux-arm64-gnu": ["@rolldown/binding-linux-arm64-gnu@1.0.0-rc.17", "", { "os": "linux", "cpu": "arm64" }, "sha512-e6usGaHKW5BMNZOymS1UcEYGowQMWcgZ71Z17Sl/h2+ZziNJ1a9n3Zvcz6LdRyIW5572wBCTH/Z+bKuZouGk9Q=="],

    "@rolldown/binding-linux-arm64-musl": ["@rolldown/binding-linux-arm64-musl@1.0.0-rc.17", "", { "os": "linux", "cpu": "arm64" }, "sha512-b/CgbwAJpmrRLp02RPfhbudf5tZnN9nsPWK82znefso832etkem8H7FSZwxrOI9djcdTP7U6YfNhbRnh7djErg=="],

    "@rolldown/binding-linux-ppc64-gnu": ["@rolldown/binding-linux-ppc64-gnu@1.0.0-rc.17", "", { "os": "linux", "cpu": "ppc64" }, "sha512-4EII1iNGRUN5WwGbF/kOh/EIkoDN9HsupgLQoXfY+D1oyJm7/F4t5PYU5n8SWZgG0FEwakyM8pGgwcBYruGTlA=="],

    "@rolldown/binding-linux-s390x-gnu": ["@rolldown/binding-linux-s390x-gnu@1.0.0-rc.17", "", { "os": "linux", "cpu": "s390x" }, "sha512-AH8oq3XqQo4IibpVXvPeLDI5pzkpYn0WiZAfT05kFzoJ6tQNzwRdDYQ45M8I/gslbodRZwW8uxLhbSBbkv96rA=="],

    "@rolldown/binding-linux-x64-gnu": ["@rolldown/binding-linux-x64-gnu@1.0.0-rc.17", "", { "os": "linux", "cpu": "x64" }, "sha512-cLnjV3xfo7KslbU41Z7z8BH/E1y5mzUYzAqih1d1MDaIGZRCMqTijqLv76/P7fyHuvUcfGsIpqCdddbxLLK9rA=="],

    "@rolldown/binding-linux-x64-musl": ["@rolldown/binding-linux-x64-musl@1.0.0-rc.17", "", { "os": "linux", "cpu": "x64" }, "sha512-0phclDw1spsL7dUB37sIARuis2tAgomCJXAHZlpt8PXZ4Ba0dRP1e+66lsRqrfhISeN9bEGNjQs+T/Fbd7oYGw=="],

    "@rolldown/binding-openharmony-arm64": ["@rolldown/binding-openharmony-arm64@1.0.0-rc.17", "", { "os": "none", "cpu": "arm64" }, "sha512-0ag/hEgXOwgw4t8QyQvUCxvEg+V0KBcA6YuOx9g0r02MprutRF5dyljgm3EmR02O292UX7UeS6HzWHAl6KgyhA=="],

    "@rolldown/binding-wasm32-wasi": ["@rolldown/binding-wasm32-wasi@1.0.0-rc.17", "", { "dependencies": { "@emnapi/core": "1.10.0", "@emnapi/runtime": "1.10.0", "@napi-rs/wasm-runtime": "^1.1.4" }, "cpu": "none" }, "sha512-LEXei6vo0E5wTGwpkJ4KoT3OZJRnglwldt5ziLzOlc6qqb55z4tWNq2A+PFqCJuvWWdP53CVhG1Z9NtToDPJrA=="],

    "@rolldown/binding-win32-arm64-msvc": ["@rolldown/binding-win32-arm64-msvc@1.0.0-rc.17", "", { "os": "win32", "cpu": "arm64" }, "sha512-gUmyzBl3SPMa6hrqFUth9sVfcLBlYsbMzBx5PlexMroZStgzGqlZ26pYG89rBb45Mnia+oil6YAIFeEWGWhoZA=="],

    "@rolldown/binding-win32-x64-msvc": ["@rolldown/binding-win32-x64-msvc@1.0.0-rc.17", "", { "os": "win32", "cpu": "x64" }, "sha512-3hkiolcUAvPB9FLb3UZdfjVVNWherN1f/skkGWJP/fgSQhYUZpSIRr0/I8ZK9TkF3F7kxvJAk0+IcKvPHk9qQg=="],

    "@rolldown/pluginutils": ["@rolldown/pluginutils@1.0.0-rc.17", "", {}, "sha512-n8iosDOt6Ig1UhJ2AYqoIhHWh/isz0xpicHTzpKBeotdVsTEcxsSA/i3EVM7gQAj0rU27OLAxCjzlj15IWY7bg=="],

    "@tybys/wasm-util": ["@tybys/wasm-util@0.10.1", "", { "dependencies": { "tslib": "^2.4.0" } }, "sha512-9tTaPJLSiejZKx+Bmog4uSubteqTvFrVrURwkmHixBo0G4seD0zUxp98E1DzUBJxLQ3NPwXrGKDiVjwx/DpPsg=="],

    "@types/node": ["@types/node@22.19.17", "", { "dependencies": { "undici-types": "~6.21.0" } }, "sha512-wGdMcf+vPYM6jikpS/qhg6WiqSV/OhG+jeeHT/KlVqxYfD40iYJf9/AE1uQxVWFvU7MipKRkRv8NSHiCGgPr8Q=="],

    "regexp-tree": ["regexp-tree@0.1.27", "", { "bin": { "regexp-tree": "bin/regexp-tree" } }, "sha512-iETxpjK6YoRWJG5o6hXLwvjYAoW+FEZn9os0PD/b6AP6xQwsa/Y7lCVgIixBbUPMfhu+i2LtdeAqVTgGlQarfA=="],

    "rolldown": ["rolldown@1.0.0-rc.17", "", { "dependencies": { "@oxc-project/types": "=0.127.0", "@rolldown/pluginutils": "1.0.0-rc.17" }, "optionalDependencies": { "@rolldown/binding-android-arm64": "1.0.0-rc.17", "@rolldown/binding-darwin-arm64": "1.0.0-rc.17", "@rolldown/binding-darwin-x64": "1.0.0-rc.17", "@rolldown/binding-freebsd-x64": "1.0.0-rc.17", "@rolldown/binding-linux-arm-gnueabihf": "1.0.0-rc.17", "@rolldown/binding-linux-arm64-gnu": "1.0.0-rc.17", "@rolldown/binding-linux-arm64-musl": "1.0.0-rc.17", "@rolldown/binding-linux-ppc64-gnu": "1.0.0-rc.17", "@rolldown/binding-linux-s390x-gnu": "1.0.0-rc.17", "@rolldown/binding-linux-x64-gnu": "1.0.0-rc.17", "@rolldown/binding-linux-x64-musl": "1.0.0-rc.17", "@rolldown/binding-openharmony-arm64": "1.0.0-rc.17", "@rolldown/binding-wasm32-wasi": "1.0.0-rc.17", "@rolldown/binding-win32-arm64-msvc": "1.0.0-rc.17", "@rolldown/binding-win32-x64-msvc": "1.0.0-rc.17" }, "bin": { "rolldown": "bin/cli.mjs" } }, "sha512-ZrT53oAKrtA4+YtBWPQbtPOxIbVDbxT0orcYERKd63VJTF13zPcgXTvD4843L8pcsI7M6MErt8QtON6lrB9tyA=="],

    "safe-regex": ["safe-regex@2.1.1", "", { "dependencies": { "regexp-tree": "~0.1.1" } }, "sha512-rx+x8AMzKb5Q5lQ95Zoi6ZbJqwCLkqi3XuJXp5P3rT8OEc6sZCJG5AE5dU3lsgRr/F4Bs31jSlVN+j5KrsGu9A=="],

    "tslib": ["tslib@2.8.1", "", {}, "sha512-oJFu94HQb+KVduSUQL7wnpmqnfmLsOA/nAh6b6EH0wCEoK0/mPeXU6c3wKDV83MkOuHPRHtSXKKU99IBazS/2w=="],

    "typescript": ["typescript@6.0.3", "", { "bin": { "tsc": "bin/tsc", "tsserver": "bin/tsserver" } }, "sha512-y2TvuxSZPDyQakkFRPZHKFm+KKVqIisdg9/CZwm9ftvKXLP8NRWj38/ODjNbr43SsoXqNuAisEf1GdCxqWcdBw=="],

    "undici-types": ["undici-types@6.21.0", "", {}, "sha512-iwDZqg0QAGrg9Rav5H4n0M64c3mkR59cJ6wQp+7C4nI0gsmExaedaYLNO44eT4AtBBwjbTiGPMlt2Md0T9H9JQ=="],
  }
}
